{
  "name": "clawfirm_opc",
  "version": "1.0.0",
  "lockfileVersion": 3,
  "requires": true,
  "packages": {
    "": {
      "name": "clawfirm_opc",
      "version": "1.0.0",
      "license": "ISC",
      "dependencies": {
        "@skflow/runtime": "^0.2.1"
      }
    },
    "node_modules/@skflow/runtime": {
      "version": "0.2.1",
      "resolved": "https://registry.npmjs.org/@skflow/runtime/-/runtime-0.2.1.tgz",
      "integrity": "sha512-EfmueWZJYPFM9AZeM//k2SNnLN6JF8ZzBfG3LkBEAjPhrR3cvNNWQOzlrch1C2a9UDTNsTLAJcFlUtYfRyrB4Q==",
      "license": "MIT"
    }
  }
}
